
Microsoft Visual Studio Solution File, Format Version 12.00
# Visual Studio Version 17
VisualStudioVersion = 17.8.34525.116
MinimumVisualStudioVersion = 10.0.40219.1
Project("{FAE04EC0-301F-11D3-BF4B-00C04F79EFBC}") = "EventOrganizerWebApplication", "EventOrganizerWebApplication\EventOrganizerWebApplication.csproj", "{C20D4596-3D95-4666-BB3A-C183394E0BB4}"
EndProject
Global
	GlobalSection(SolutionConfigurationPlatforms) = preSolution
		Debug|Any CPU = Debug|Any CPU
		Release|Any CPU = Release|Any CPU
	EndGlobalSection
	GlobalSection(ProjectConfigurationPlatforms) = postSolution
		{C20D4596-3D95-4666-BB3A-C183394E0BB4}.Debug|Any CPU.ActiveCfg = Debug|Any CPU
		{C20D4596-3D95-4666-BB3A-C183394E0BB4}.Debug|Any CPU.Build.0 = Debug|Any CPU
		{C20D4596-3D95-4666-BB3A-C183394E0BB4}.Release|Any CPU.ActiveCfg = Release|Any CPU
		{C20D4596-3D95-4666-BB3A-C183394E0BB4}.Release|Any CPU.Build.0 = Release|Any CPU
	EndGlobalSection
	GlobalSection(SolutionProperties) = preSolution
		HideSolutionNode = FALSE
	EndGlobalSection
	GlobalSection(ExtensibilityGlobals) = postSolution
		SolutionGuid = {20070971-3789-4AE7-9F4D-4BE37D276DFB}
	EndGlobalSection
EndGlobal
